
Microsoft Visual Studio Solution File, Format Version 12.00
# Visual Studio Version 17
VisualStudioVersion = 17.0.31903.59
MinimumVisualStudioVersion = 10.0.40219.1
Project("{9A19103F-16F7-4668-BE54-9A1E7A4F7556}") = "AnonymousMethods", "AnonymousMethods\AnonymousMethods.csproj", "{5C5D87A2-D2FF-4FA7-A92C-50EFFAFEFA29}"
EndProject
Project("{9A19103F-16F7-4668-BE54-9A1E7A4F7556}") = "GenericTypes", "GenericTypes\GenericTypes.csproj", "{A9845F9D-BA63-4576-A32E-7F638E876C61}"
EndProject
Project("{9A19103F-16F7-4668-BE54-9A1E7A4F7556}") = "Records", "Records\Records.csproj", "{2E8D4D27-F128-4AAB-B15F-E0180588162F}"
EndProject
Project("{FAE04EC0-301F-11D3-BF4B-00C04F79EFBC}") = "ExtensionMethods", "ExtensionMethods\ExtensionMethods.csproj", "{82F8EB06-297D-4D2C-9969-D4991F1A7AD7}"
EndProject
Project("{FAE04EC0-301F-11D3-BF4B-00C04F79EFBC}") = "Reflections", "Reflections\Reflections.csproj", "{B68F4C7F-A9CE-4CDD-94F0-E75EE7DBC15D}"
EndProject
Project("{FAE04EC0-301F-11D3-BF4B-00C04F79EFBC}") = "PluginLibrary", "PluginLibrary\PluginLibrary.csproj", "{312D84B4-01E7-4105-9843-D3B82A920353}"
EndProject
Global
	GlobalSection(SolutionConfigurationPlatforms) = preSolution
		Debug|Any CPU = Debug|Any CPU
		Release|Any CPU = Release|Any CPU
	EndGlobalSection
	GlobalSection(ProjectConfigurationPlatforms) = postSolution
		{5C5D87A2-D2FF-4FA7-A92C-50EFFAFEFA29}.Debug|Any CPU.ActiveCfg = Debug|Any CPU
		{5C5D87A2-D2FF-4FA7-A92C-50EFFAFEFA29}.Debug|Any CPU.Build.0 = Debug|Any CPU
		{5C5D87A2-D2FF-4FA7-A92C-50EFFAFEFA29}.Release|Any CPU.ActiveCfg = Release|Any CPU
		{5C5D87A2-D2FF-4FA7-A92C-50EFFAFEFA29}.Release|Any CPU.Build.0 = Release|Any CPU
		{A9845F9D-BA63-4576-A32E-7F638E876C61}.Debug|Any CPU.ActiveCfg = Debug|Any CPU
		{A9845F9D-BA63-4576-A32E-7F638E876C61}.Debug|Any CPU.Build.0 = Debug|Any CPU
		{A9845F9D-BA63-4576-A32E-7F638E876C61}.Release|Any CPU.ActiveCfg = Release|Any CPU
		{A9845F9D-BA63-4576-A32E-7F638E876C61}.Release|Any CPU.Build.0 = Release|Any CPU
		{2E8D4D27-F128-4AAB-B15F-E0180588162F}.Debug|Any CPU.ActiveCfg = Debug|Any CPU
		{2E8D4D27-F128-4AAB-B15F-E0180588162F}.Debug|Any CPU.Build.0 = Debug|Any CPU
		{2E8D4D27-F128-4AAB-B15F-E0180588162F}.Release|Any CPU.ActiveCfg = Release|Any CPU
		{2E8D4D27-F128-4AAB-B15F-E0180588162F}.Release|Any CPU.Build.0 = Release|Any CPU
		{82F8EB06-297D-4D2C-9969-D4991F1A7AD7}.Debug|Any CPU.ActiveCfg = Debug|Any CPU
		{82F8EB06-297D-4D2C-9969-D4991F1A7AD7}.Debug|Any CPU.Build.0 = Debug|Any CPU
		{82F8EB06-297D-4D2C-9969-D4991F1A7AD7}.Release|Any CPU.ActiveCfg = Release|Any CPU
		{82F8EB06-297D-4D2C-9969-D4991F1A7AD7}.Release|Any CPU.Build.0 = Release|Any CPU
		{B68F4C7F-A9CE-4CDD-94F0-E75EE7DBC15D}.Debug|Any CPU.ActiveCfg = Debug|Any CPU
		{B68F4C7F-A9CE-4CDD-94F0-E75EE7DBC15D}.Debug|Any CPU.Build.0 = Debug|Any CPU
		{B68F4C7F-A9CE-4CDD-94F0-E75EE7DBC15D}.Release|Any CPU.ActiveCfg = Release|Any CPU
		{B68F4C7F-A9CE-4CDD-94F0-E75EE7DBC15D}.Release|Any CPU.Build.0 = Release|Any CPU
		{312D84B4-01E7-4105-9843-D3B82A920353}.Debug|Any CPU.ActiveCfg = Debug|Any CPU
		{312D84B4-01E7-4105-9843-D3B82A920353}.Debug|Any CPU.Build.0 = Debug|Any CPU
		{312D84B4-01E7-4105-9843-D3B82A920353}.Release|Any CPU.ActiveCfg = Release|Any CPU
		{312D84B4-01E7-4105-9843-D3B82A920353}.Release|Any CPU.Build.0 = Release|Any CPU
	EndGlobalSection
	GlobalSection(SolutionProperties) = preSolution
		HideSolutionNode = FALSE
	EndGlobalSection
	GlobalSection(ExtensibilityGlobals) = postSolution
		SolutionGuid = {C9D3F556-891C-43EE-ABD4-68CC1FC38263}
	EndGlobalSection
EndGlobal
